
Microsoft Visual Studio Solution File, Format Version 12.00
# Visual Studio Version 17
VisualStudioVersion = 17.5.002.0
MinimumVisualStudioVersion = 10.0.40219.1
Project("{2150E333-8FDC-42A3-9474-1A3956D46DE8}") = "packages", "packages", "{08E62A00-2CBE-4589-9FE4-50F957B738B5}"
EndProject
Project("{9A19103F-16F7-4668-BE54-9A1E7A4F7556}") = "gen", "packages\native\gen.csproj", "{BAF4C793-DB8C-4368-A6C3-8D52FAF097F5}"
EndProject
Global
	GlobalSection(SolutionConfigurationPlatforms) = preSolution
		Debug|Any CPU = Debug|Any CPU
		Release|Any CPU = Release|Any CPU
	EndGlobalSection
	GlobalSection(ProjectConfigurationPlatforms) = postSolution
		{BAF4C793-DB8C-4368-A6C3-8D52FAF097F5}.Debug|Any CPU.ActiveCfg = Debug|Any CPU
		{BAF4C793-DB8C-4368-A6C3-8D52FAF097F5}.Debug|Any CPU.Build.0 = Debug|Any CPU
		{BAF4C793-DB8C-4368-A6C3-8D52FAF097F5}.Release|Any CPU.ActiveCfg = Release|Any CPU
		{BAF4C793-DB8C-4368-A6C3-8D52FAF097F5}.Release|Any CPU.Build.0 = Release|Any CPU
	EndGlobalSection
	GlobalSection(SolutionProperties) = preSolution
		HideSolutionNode = FALSE
	EndGlobalSection
	GlobalSection(NestedProjects) = preSolution
		{BAF4C793-DB8C-4368-A6C3-8D52FAF097F5} = {08E62A00-2CBE-4589-9FE4-50F957B738B5}
	EndGlobalSection
	GlobalSection(ExtensibilityGlobals) = postSolution
		SolutionGuid = {F24F52DB-4AFA-47C6-BF19-69AA55F756F1}
	EndGlobalSection
EndGlobal
